
Microsoft Visual Studio Solution File, Format Version 12.00
# Visual Studio Version 17
VisualStudioVersion = 17.1.31911.260
MinimumVisualStudioVersion = 10.0.40219.1
Project("{9A19103F-16F7-4668-BE54-9A1E7A4F7556}") = "Opc.Ua.Cloud.Library.Client", "Opc.Ua.CloudLib.Client\Opc.Ua.Cloud.Library.Client.csproj", "{8353C72D-E29A-40BE-A3EF-C59330FC270C}"
EndProject
Global
	GlobalSection(SolutionConfigurationPlatforms) = preSolution
		Debug|Any CPU = Debug|Any CPU
		Release|Any CPU = Release|Any CPU
	EndGlobalSection
	GlobalSection(ProjectConfigurationPlatforms) = postSolution
		{8353C72D-E29A-40BE-A3EF-C59330FC270C}.Debug|Any CPU.ActiveCfg = Debug|Any CPU
		{8353C72D-E29A-40BE-A3EF-C59330FC270C}.Debug|Any CPU.Build.0 = Debug|Any CPU
		{8353C72D-E29A-40BE-A3EF-C59330FC270C}.Release|Any CPU.ActiveCfg = Release|Any CPU
		{8353C72D-E29A-40BE-A3EF-C59330FC270C}.Release|Any CPU.Build.0 = Release|Any CPU
	EndGlobalSection
	GlobalSection(SolutionProperties) = preSolution
		HideSolutionNode = FALSE
	EndGlobalSection
	GlobalSection(ExtensibilityGlobals) = postSolution
		SolutionGuid = {B18C4ECD-199D-4657-963A-AF276DBC2C76}
	EndGlobalSection
EndGlobal
