
Microsoft Visual Studio Solution File, Format Version 12.00
# Visual Studio Version 17
VisualStudioVersion = 17.1.31911.260
MinimumVisualStudioVersion = 10.0.40219.1
Project("{9A19103F-16F7-4668-BE54-9A1E7A4F7556}") = "UA-CloudLibrary", "UACloudLibraryServer\UA-CloudLibrary.csproj", "{700D7FDD-EE63-4929-A70B-8CAD69FBED12}"
EndProject
Project("{2150E333-8FDC-42A3-9474-1A3956D46DE8}") = "Solution Items", "Solution Items", "{3D43B49A-27D9-47EC-A824-263B43AA9C76}"
	ProjectSection(SolutionItems) = preProject
		.editorconfig = .editorconfig
		common.props = common.props
		Directory.Build.props = Directory.Build.props
		.github\workflows\docker.yml = .github\workflows\docker.yml
		local-dev-docker\docker_pgadmin_servers.json = local-dev-docker\docker_pgadmin_servers.json
		Dockerfile = Dockerfile
		.github\workflows\dotnet.yml = .github\workflows\dotnet.yml
		LICENSE = LICENSE
		README.md = README.md
	EndProjectSection
EndProject
Project("{9A19103F-16F7-4668-BE54-9A1E7A4F7556}") = "SampleConsoleClient", "SampleConsoleClient\SampleConsoleClient.csproj", "{E38A75A7-8CAC-4233-9D4D-0C855E815ABF}"
EndProject
Project("{9A19103F-16F7-4668-BE54-9A1E7A4F7556}") = "Opc.Ua.Cloud.Library.Client", "Opc.Ua.CloudLib.Client\Opc.Ua.Cloud.Library.Client.csproj", "{8353C72D-E29A-40BE-A3EF-C59330FC270C}"
EndProject
Project("{E53339B2-1760-4266-BCC7-CA923CBCF16C}") = "docker-compose", "docker-compose.dcproj", "{C7282E18-BCDA-48F6-99FD-EC7142A0397A}"
EndProject
Project("{9A19103F-16F7-4668-BE54-9A1E7A4F7556}") = "CloudLibSync", "CloudLibSync\CloudLibSync.csproj", "{21121525-6797-4A7A-99BD-C9AF9432A0EE}"
EndProject
Project("{9A19103F-16F7-4668-BE54-9A1E7A4F7556}") = "CloudLibSyncAzureFunction", "CloudLibSyncAzureFunction\CloudLibSyncAzureFunction.csproj", "{8444A08A-8096-402E-A253-B20A29C24735}"
EndProject
Global
	GlobalSection(SolutionConfigurationPlatforms) = preSolution
		Debug|Any CPU = Debug|Any CPU
		Release|Any CPU = Release|Any CPU
		Staging|Any CPU = Staging|Any CPU
	EndGlobalSection
	GlobalSection(ProjectConfigurationPlatforms) = postSolution
		{700D7FDD-EE63-4929-A70B-8CAD69FBED12}.Debug|Any CPU.ActiveCfg = Debug|Any CPU
		{700D7FDD-EE63-4929-A70B-8CAD69FBED12}.Debug|Any CPU.Build.0 = Debug|Any CPU
		{700D7FDD-EE63-4929-A70B-8CAD69FBED12}.Release|Any CPU.ActiveCfg = Release|Any CPU
		{700D7FDD-EE63-4929-A70B-8CAD69FBED12}.Release|Any CPU.Build.0 = Release|Any CPU
		{700D7FDD-EE63-4929-A70B-8CAD69FBED12}.Staging|Any CPU.ActiveCfg = Release|Any CPU
		{700D7FDD-EE63-4929-A70B-8CAD69FBED12}.Staging|Any CPU.Build.0 = Release|Any CPU
		{E38A75A7-8CAC-4233-9D4D-0C855E815ABF}.Debug|Any CPU.ActiveCfg = Debug|Any CPU
		{E38A75A7-8CAC-4233-9D4D-0C855E815ABF}.Debug|Any CPU.Build.0 = Debug|Any CPU
		{E38A75A7-8CAC-4233-9D4D-0C855E815ABF}.Release|Any CPU.ActiveCfg = Release|Any CPU
		{E38A75A7-8CAC-4233-9D4D-0C855E815ABF}.Release|Any CPU.Build.0 = Release|Any CPU
		{E38A75A7-8CAC-4233-9D4D-0C855E815ABF}.Staging|Any CPU.ActiveCfg = Release|Any CPU
		{E38A75A7-8CAC-4233-9D4D-0C855E815ABF}.Staging|Any CPU.Build.0 = Release|Any CPU
		{8353C72D-E29A-40BE-A3EF-C59330FC270C}.Debug|Any CPU.ActiveCfg = Debug|Any CPU
		{8353C72D-E29A-40BE-A3EF-C59330FC270C}.Debug|Any CPU.Build.0 = Debug|Any CPU
		{8353C72D-E29A-40BE-A3EF-C59330FC270C}.Release|Any CPU.ActiveCfg = Release|Any CPU
		{8353C72D-E29A-40BE-A3EF-C59330FC270C}.Release|Any CPU.Build.0 = Release|Any CPU
		{8353C72D-E29A-40BE-A3EF-C59330FC270C}.Staging|Any CPU.ActiveCfg = Release|Any CPU
		{8353C72D-E29A-40BE-A3EF-C59330FC270C}.Staging|Any CPU.Build.0 = Release|Any CPU
		{C7282E18-BCDA-48F6-99FD-EC7142A0397A}.Debug|Any CPU.ActiveCfg = Debug|Any CPU
		{C7282E18-BCDA-48F6-99FD-EC7142A0397A}.Release|Any CPU.ActiveCfg = Release|Any CPU
		{C7282E18-BCDA-48F6-99FD-EC7142A0397A}.Release|Any CPU.Build.0 = Release|Any CPU
		{C7282E18-BCDA-48F6-99FD-EC7142A0397A}.Staging|Any CPU.ActiveCfg = Release|Any CPU
		{C7282E18-BCDA-48F6-99FD-EC7142A0397A}.Staging|Any CPU.Build.0 = Release|Any CPU
		{21121525-6797-4A7A-99BD-C9AF9432A0EE}.Debug|Any CPU.ActiveCfg = Debug|Any CPU
		{21121525-6797-4A7A-99BD-C9AF9432A0EE}.Debug|Any CPU.Build.0 = Debug|Any CPU
		{21121525-6797-4A7A-99BD-C9AF9432A0EE}.Release|Any CPU.ActiveCfg = Release|Any CPU
		{21121525-6797-4A7A-99BD-C9AF9432A0EE}.Release|Any CPU.Build.0 = Release|Any CPU
		{21121525-6797-4A7A-99BD-C9AF9432A0EE}.Staging|Any CPU.ActiveCfg = Release|Any CPU
		{21121525-6797-4A7A-99BD-C9AF9432A0EE}.Staging|Any CPU.Build.0 = Release|Any CPU
		{8444A08A-8096-402E-A253-B20A29C24735}.Debug|Any CPU.ActiveCfg = Debug|Any CPU
		{8444A08A-8096-402E-A253-B20A29C24735}.Debug|Any CPU.Build.0 = Debug|Any CPU
		{8444A08A-8096-402E-A253-B20A29C24735}.Release|Any CPU.ActiveCfg = Release|Any CPU
		{8444A08A-8096-402E-A253-B20A29C24735}.Release|Any CPU.Build.0 = Release|Any CPU
		{8444A08A-8096-402E-A253-B20A29C24735}.Staging|Any CPU.ActiveCfg = Debug|Any CPU
		{8444A08A-8096-402E-A253-B20A29C24735}.Staging|Any CPU.Build.0 = Debug|Any CPU
	EndGlobalSection
	GlobalSection(SolutionProperties) = preSolution
		HideSolutionNode = FALSE
	EndGlobalSection
	GlobalSection(ExtensibilityGlobals) = postSolution
		SolutionGuid = {B18C4ECD-199D-4657-963A-AF276DBC2C76}
	EndGlobalSection
EndGlobal
