
Microsoft Visual Studio Solution File, Format Version 12.00
# Visual Studio Version 17
VisualStudioVersion = 17.1.31911.260
MinimumVisualStudioVersion = 10.0.40219.1
Project("{9A19103F-16F7-4668-BE54-9A1E7A4F7556}") = "UA-CloudLibrary", "UACloudLibraryServer\UA-CloudLibrary.csproj", "{700D7FDD-EE63-4929-A70B-8CAD69FBED12}"
EndProject
Project("{2150E333-8FDC-42A3-9474-1A3956D46DE8}") = "Solution Items", "Solution Items", "{3D43B49A-27D9-47EC-A824-263B43AA9C76}"
	ProjectSection(SolutionItems) = preProject
		.editorconfig = .editorconfig
		common.props = common.props
		Directory.Build.props = Directory.Build.props
		Directory.Build.targets = Directory.Build.targets
		.github\workflows\docker.yml = .github\workflows\docker.yml
		Dockerfile = Dockerfile
		.github\workflows\dotnet.yml = .github\workflows\dotnet.yml
		LICENSE = LICENSE
		Licenses\OPC Foundation MIT License.txt = Licenses\OPC Foundation MIT License.txt
		README.md = README.md
		version.json = version.json
		version.props = version.props
	EndProjectSection
EndProject
Project("{9A19103F-16F7-4668-BE54-9A1E7A4F7556}") = "SampleConsoleClient", "SampleConsoleClient\SampleConsoleClient.csproj", "{E38A75A7-8CAC-4233-9D4D-0C855E815ABF}"
EndProject
Project("{9A19103F-16F7-4668-BE54-9A1E7A4F7556}") = "Opc.Ua.Cloud.Library.Client", "Opc.Ua.CloudLib.Client\Opc.Ua.Cloud.Library.Client.csproj", "{8353C72D-E29A-40BE-A3EF-C59330FC270C}"
EndProject
Project("{E53339B2-1760-4266-BCC7-CA923CBCF16C}") = "docker-compose", "docker-compose.dcproj", "{C7282E18-BCDA-48F6-99FD-EC7142A0397A}"
EndProject
Project("{2150E333-8FDC-42A3-9474-1A3956D46DE8}") = "azurepipelines", "azurepipelines", "{1AB4086F-0197-46C1-9C79-FCCAA05B90D6}"
	ProjectSection(SolutionItems) = preProject
		.azurepipelines\preview.yml = .azurepipelines\preview.yml
		.azurepipelines\set-version.ps1 = .azurepipelines\set-version.ps1
		.azurepipelines\signlistRelease.txt = .azurepipelines\signlistRelease.txt
	EndProjectSection
EndProject
Project("{2150E333-8FDC-42A3-9474-1A3956D46DE8}") = "Tests", "Tests", "{61FA5300-FBB8-418B-8F10-B401001EC236}"
	ProjectSection(SolutionItems) = preProject
		Tests\TestSetup\init-user-db.sql = Tests\TestSetup\init-user-db.sql
		Tests\TestSetup\startdb.bat = Tests\TestSetup\startdb.bat
	EndProjectSection
EndProject
Project("{9A19103F-16F7-4668-BE54-9A1E7A4F7556}") = "CloudLibClient.Tests", "Tests\CloudLibClientTests\CloudLibClient.Tests.csproj", "{469D7E06-37C7-47B4-B88E-5973BB896EE5}"
EndProject
Project("{9A19103F-16F7-4668-BE54-9A1E7A4F7556}") = "CloudLibSync", "CloudLibSync\CloudLibSync.csproj", "{836E1813-22F5-42CD-A557-C0923797114B}"
EndProject
Project("{9A19103F-16F7-4668-BE54-9A1E7A4F7556}") = "CloudLibSyncAzureFunction", "CloudLibSyncAzureFunction\CloudLibSyncAzureFunction.csproj", "{6A7EF892-71D1-4076-AD10-7F67F276528B}"
EndProject
Project("{FAE04EC0-301F-11D3-BF4B-00C04F79EFBC}") = "BlobToPGTable", "BlobToPGTable\BlobToPGTable.csproj", "{EFDB69DA-5981-213C-6004-C89DF47078B2}"
EndProject
Project("{FAE04EC0-301F-11D3-BF4B-00C04F79EFBC}") = "DataPlane.Sdk.Api.Test", "Tests\DataPlane.Sdk.Api.Test\DataPlane.Sdk.Api.Test.csproj", "{03D36D08-9106-6724-B968-4E9A9439EBBE}"
EndProject
Global
	GlobalSection(SolutionConfigurationPlatforms) = preSolution
		Debug|Any CPU = Debug|Any CPU
		Debug|ARM = Debug|ARM
		Debug|ARM64 = Debug|ARM64
		Debug|x64 = Debug|x64
		Debug|x86 = Debug|x86
		Release|Any CPU = Release|Any CPU
		Release|ARM = Release|ARM
		Release|ARM64 = Release|ARM64
		Release|x64 = Release|x64
		Release|x86 = Release|x86
		Staging|Any CPU = Staging|Any CPU
		Staging|ARM = Staging|ARM
		Staging|ARM64 = Staging|ARM64
		Staging|x64 = Staging|x64
		Staging|x86 = Staging|x86
	EndGlobalSection
	GlobalSection(ProjectConfigurationPlatforms) = postSolution
		{700D7FDD-EE63-4929-A70B-8CAD69FBED12}.Debug|Any CPU.ActiveCfg = Debug|Any CPU
		{700D7FDD-EE63-4929-A70B-8CAD69FBED12}.Debug|Any CPU.Build.0 = Debug|Any CPU
		{700D7FDD-EE63-4929-A70B-8CAD69FBED12}.Debug|ARM.ActiveCfg = Debug|Any CPU
		{700D7FDD-EE63-4929-A70B-8CAD69FBED12}.Debug|ARM.Build.0 = Debug|Any CPU
		{700D7FDD-EE63-4929-A70B-8CAD69FBED12}.Debug|ARM64.ActiveCfg = Debug|Any CPU
		{700D7FDD-EE63-4929-A70B-8CAD69FBED12}.Debug|ARM64.Build.0 = Debug|Any CPU
		{700D7FDD-EE63-4929-A70B-8CAD69FBED12}.Debug|x64.ActiveCfg = Debug|Any CPU
		{700D7FDD-EE63-4929-A70B-8CAD69FBED12}.Debug|x64.Build.0 = Debug|Any CPU
		{700D7FDD-EE63-4929-A70B-8CAD69FBED12}.Debug|x86.ActiveCfg = Debug|Any CPU
		{700D7FDD-EE63-4929-A70B-8CAD69FBED12}.Debug|x86.Build.0 = Debug|Any CPU
		{700D7FDD-EE63-4929-A70B-8CAD69FBED12}.Release|Any CPU.ActiveCfg = Release|Any CPU
		{700D7FDD-EE63-4929-A70B-8CAD69FBED12}.Release|Any CPU.Build.0 = Release|Any CPU
		{700D7FDD-EE63-4929-A70B-8CAD69FBED12}.Release|ARM.ActiveCfg = Release|Any CPU
		{700D7FDD-EE63-4929-A70B-8CAD69FBED12}.Release|ARM.Build.0 = Release|Any CPU
		{700D7FDD-EE63-4929-A70B-8CAD69FBED12}.Release|ARM64.ActiveCfg = Release|Any CPU
		{700D7FDD-EE63-4929-A70B-8CAD69FBED12}.Release|ARM64.Build.0 = Release|Any CPU
		{700D7FDD-EE63-4929-A70B-8CAD69FBED12}.Release|x64.ActiveCfg = Release|Any CPU
		{700D7FDD-EE63-4929-A70B-8CAD69FBED12}.Release|x64.Build.0 = Release|Any CPU
		{700D7FDD-EE63-4929-A70B-8CAD69FBED12}.Release|x86.ActiveCfg = Release|Any CPU
		{700D7FDD-EE63-4929-A70B-8CAD69FBED12}.Release|x86.Build.0 = Release|Any CPU
		{700D7FDD-EE63-4929-A70B-8CAD69FBED12}.Staging|Any CPU.ActiveCfg = Release|Any CPU
		{700D7FDD-EE63-4929-A70B-8CAD69FBED12}.Staging|Any CPU.Build.0 = Release|Any CPU
		{700D7FDD-EE63-4929-A70B-8CAD69FBED12}.Staging|ARM.ActiveCfg = Release|Any CPU
		{700D7FDD-EE63-4929-A70B-8CAD69FBED12}.Staging|ARM.Build.0 = Release|Any CPU
		{700D7FDD-EE63-4929-A70B-8CAD69FBED12}.Staging|ARM64.ActiveCfg = Release|Any CPU
		{700D7FDD-EE63-4929-A70B-8CAD69FBED12}.Staging|ARM64.Build.0 = Release|Any CPU
		{700D7FDD-EE63-4929-A70B-8CAD69FBED12}.Staging|x64.ActiveCfg = Release|Any CPU
		{700D7FDD-EE63-4929-A70B-8CAD69FBED12}.Staging|x64.Build.0 = Release|Any CPU
		{700D7FDD-EE63-4929-A70B-8CAD69FBED12}.Staging|x86.ActiveCfg = Release|Any CPU
		{700D7FDD-EE63-4929-A70B-8CAD69FBED12}.Staging|x86.Build.0 = Release|Any CPU
		{E38A75A7-8CAC-4233-9D4D-0C855E815ABF}.Debug|Any CPU.ActiveCfg = Debug|Any CPU
		{E38A75A7-8CAC-4233-9D4D-0C855E815ABF}.Debug|Any CPU.Build.0 = Debug|Any CPU
		{E38A75A7-8CAC-4233-9D4D-0C855E815ABF}.Debug|ARM.ActiveCfg = Debug|Any CPU
		{E38A75A7-8CAC-4233-9D4D-0C855E815ABF}.Debug|ARM.Build.0 = Debug|Any CPU
		{E38A75A7-8CAC-4233-9D4D-0C855E815ABF}.Debug|ARM64.ActiveCfg = Debug|Any CPU
		{E38A75A7-8CAC-4233-9D4D-0C855E815ABF}.Debug|ARM64.Build.0 = Debug|Any CPU
		{E38A75A7-8CAC-4233-9D4D-0C855E815ABF}.Debug|x64.ActiveCfg = Debug|Any CPU
		{E38A75A7-8CAC-4233-9D4D-0C855E815ABF}.Debug|x64.Build.0 = Debug|Any CPU
		{E38A75A7-8CAC-4233-9D4D-0C855E815ABF}.Debug|x86.ActiveCfg = Debug|Any CPU
		{E38A75A7-8CAC-4233-9D4D-0C855E815ABF}.Debug|x86.Build.0 = Debug|Any CPU
		{E38A75A7-8CAC-4233-9D4D-0C855E815ABF}.Release|Any CPU.ActiveCfg = Release|Any CPU
		{E38A75A7-8CAC-4233-9D4D-0C855E815ABF}.Release|Any CPU.Build.0 = Release|Any CPU
		{E38A75A7-8CAC-4233-9D4D-0C855E815ABF}.Release|ARM.ActiveCfg = Release|Any CPU
		{E38A75A7-8CAC-4233-9D4D-0C855E815ABF}.Release|ARM.Build.0 = Release|Any CPU
		{E38A75A7-8CAC-4233-9D4D-0C855E815ABF}.Release|ARM64.ActiveCfg = Release|Any CPU
		{E38A75A7-8CAC-4233-9D4D-0C855E815ABF}.Release|ARM64.Build.0 = Release|Any CPU
		{E38A75A7-8CAC-4233-9D4D-0C855E815ABF}.Release|x64.ActiveCfg = Release|Any CPU
		{E38A75A7-8CAC-4233-9D4D-0C855E815ABF}.Release|x64.Build.0 = Release|Any CPU
		{E38A75A7-8CAC-4233-9D4D-0C855E815ABF}.Release|x86.ActiveCfg = Release|Any CPU
		{E38A75A7-8CAC-4233-9D4D-0C855E815ABF}.Release|x86.Build.0 = Release|Any CPU
		{E38A75A7-8CAC-4233-9D4D-0C855E815ABF}.Staging|Any CPU.ActiveCfg = Release|Any CPU
		{E38A75A7-8CAC-4233-9D4D-0C855E815ABF}.Staging|Any CPU.Build.0 = Release|Any CPU
		{E38A75A7-8CAC-4233-9D4D-0C855E815ABF}.Staging|ARM.ActiveCfg = Release|Any CPU
		{E38A75A7-8CAC-4233-9D4D-0C855E815ABF}.Staging|ARM.Build.0 = Release|Any CPU
		{E38A75A7-8CAC-4233-9D4D-0C855E815ABF}.Staging|ARM64.ActiveCfg = Release|Any CPU
		{E38A75A7-8CAC-4233-9D4D-0C855E815ABF}.Staging|ARM64.Build.0 = Release|Any CPU
		{E38A75A7-8CAC-4233-9D4D-0C855E815ABF}.Staging|x64.ActiveCfg = Release|Any CPU
		{E38A75A7-8CAC-4233-9D4D-0C855E815ABF}.Staging|x64.Build.0 = Release|Any CPU
		{E38A75A7-8CAC-4233-9D4D-0C855E815ABF}.Staging|x86.ActiveCfg = Release|Any CPU
		{E38A75A7-8CAC-4233-9D4D-0C855E815ABF}.Staging|x86.Build.0 = Release|Any CPU
		{8353C72D-E29A-40BE-A3EF-C59330FC270C}.Debug|Any CPU.ActiveCfg = Debug|Any CPU
		{8353C72D-E29A-40BE-A3EF-C59330FC270C}.Debug|Any CPU.Build.0 = Debug|Any CPU
		{8353C72D-E29A-40BE-A3EF-C59330FC270C}.Debug|ARM.ActiveCfg = Debug|Any CPU
		{8353C72D-E29A-40BE-A3EF-C59330FC270C}.Debug|ARM.Build.0 = Debug|Any CPU
		{8353C72D-E29A-40BE-A3EF-C59330FC270C}.Debug|ARM64.ActiveCfg = Debug|Any CPU
		{8353C72D-E29A-40BE-A3EF-C59330FC270C}.Debug|ARM64.Build.0 = Debug|Any CPU
		{8353C72D-E29A-40BE-A3EF-C59330FC270C}.Debug|x64.ActiveCfg = Debug|Any CPU
		{8353C72D-E29A-40BE-A3EF-C59330FC270C}.Debug|x64.Build.0 = Debug|Any CPU
		{8353C72D-E29A-40BE-A3EF-C59330FC270C}.Debug|x86.ActiveCfg = Debug|Any CPU
		{8353C72D-E29A-40BE-A3EF-C59330FC270C}.Debug|x86.Build.0 = Debug|Any CPU
		{8353C72D-E29A-40BE-A3EF-C59330FC270C}.Release|Any CPU.ActiveCfg = Release|Any CPU
		{8353C72D-E29A-40BE-A3EF-C59330FC270C}.Release|Any CPU.Build.0 = Release|Any CPU
		{8353C72D-E29A-40BE-A3EF-C59330FC270C}.Release|ARM.ActiveCfg = Release|Any CPU
		{8353C72D-E29A-40BE-A3EF-C59330FC270C}.Release|ARM.Build.0 = Release|Any CPU
		{8353C72D-E29A-40BE-A3EF-C59330FC270C}.Release|ARM64.ActiveCfg = Release|Any CPU
		{8353C72D-E29A-40BE-A3EF-C59330FC270C}.Release|ARM64.Build.0 = Release|Any CPU
		{8353C72D-E29A-40BE-A3EF-C59330FC270C}.Release|x64.ActiveCfg = Release|Any CPU
		{8353C72D-E29A-40BE-A3EF-C59330FC270C}.Release|x64.Build.0 = Release|Any CPU
		{8353C72D-E29A-40BE-A3EF-C59330FC270C}.Release|x86.ActiveCfg = Release|Any CPU
		{8353C72D-E29A-40BE-A3EF-C59330FC270C}.Release|x86.Build.0 = Release|Any CPU
		{8353C72D-E29A-40BE-A3EF-C59330FC270C}.Staging|Any CPU.ActiveCfg = Release|Any CPU
		{8353C72D-E29A-40BE-A3EF-C59330FC270C}.Staging|Any CPU.Build.0 = Release|Any CPU
		{8353C72D-E29A-40BE-A3EF-C59330FC270C}.Staging|ARM.ActiveCfg = Release|Any CPU
		{8353C72D-E29A-40BE-A3EF-C59330FC270C}.Staging|ARM.Build.0 = Release|Any CPU
		{8353C72D-E29A-40BE-A3EF-C59330FC270C}.Staging|ARM64.ActiveCfg = Release|Any CPU
		{8353C72D-E29A-40BE-A3EF-C59330FC270C}.Staging|ARM64.Build.0 = Release|Any CPU
		{8353C72D-E29A-40BE-A3EF-C59330FC270C}.Staging|x64.ActiveCfg = Release|Any CPU
		{8353C72D-E29A-40BE-A3EF-C59330FC270C}.Staging|x64.Build.0 = Release|Any CPU
		{8353C72D-E29A-40BE-A3EF-C59330FC270C}.Staging|x86.ActiveCfg = Release|Any CPU
		{8353C72D-E29A-40BE-A3EF-C59330FC270C}.Staging|x86.Build.0 = Release|Any CPU
		{C7282E18-BCDA-48F6-99FD-EC7142A0397A}.Debug|Any CPU.ActiveCfg = Debug|Any CPU
		{C7282E18-BCDA-48F6-99FD-EC7142A0397A}.Debug|Any CPU.Build.0 = Debug|Any CPU
		{C7282E18-BCDA-48F6-99FD-EC7142A0397A}.Debug|ARM.ActiveCfg = Debug|Any CPU
		{C7282E18-BCDA-48F6-99FD-EC7142A0397A}.Debug|ARM.Build.0 = Debug|Any CPU
		{C7282E18-BCDA-48F6-99FD-EC7142A0397A}.Debug|ARM64.ActiveCfg = Debug|Any CPU
		{C7282E18-BCDA-48F6-99FD-EC7142A0397A}.Debug|ARM64.Build.0 = Debug|Any CPU
		{C7282E18-BCDA-48F6-99FD-EC7142A0397A}.Debug|x64.ActiveCfg = Debug|Any CPU
		{C7282E18-BCDA-48F6-99FD-EC7142A0397A}.Debug|x64.Build.0 = Debug|Any CPU
		{C7282E18-BCDA-48F6-99FD-EC7142A0397A}.Debug|x86.ActiveCfg = Debug|Any CPU
		{C7282E18-BCDA-48F6-99FD-EC7142A0397A}.Debug|x86.Build.0 = Debug|Any CPU
		{C7282E18-BCDA-48F6-99FD-EC7142A0397A}.Release|Any CPU.ActiveCfg = Release|Any CPU
		{C7282E18-BCDA-48F6-99FD-EC7142A0397A}.Release|Any CPU.Build.0 = Release|Any CPU
		{C7282E18-BCDA-48F6-99FD-EC7142A0397A}.Release|ARM.ActiveCfg = Release|Any CPU
		{C7282E18-BCDA-48F6-99FD-EC7142A0397A}.Release|ARM.Build.0 = Release|Any CPU
		{C7282E18-BCDA-48F6-99FD-EC7142A0397A}.Release|ARM64.ActiveCfg = Release|Any CPU
		{C7282E18-BCDA-48F6-99FD-EC7142A0397A}.Release|ARM64.Build.0 = Release|Any CPU
		{C7282E18-BCDA-48F6-99FD-EC7142A0397A}.Release|x64.ActiveCfg = Release|Any CPU
		{C7282E18-BCDA-48F6-99FD-EC7142A0397A}.Release|x64.Build.0 = Release|Any CPU
		{C7282E18-BCDA-48F6-99FD-EC7142A0397A}.Release|x86.ActiveCfg = Release|Any CPU
		{C7282E18-BCDA-48F6-99FD-EC7142A0397A}.Release|x86.Build.0 = Release|Any CPU
		{C7282E18-BCDA-48F6-99FD-EC7142A0397A}.Staging|Any CPU.ActiveCfg = Release|Any CPU
		{C7282E18-BCDA-48F6-99FD-EC7142A0397A}.Staging|Any CPU.Build.0 = Release|Any CPU
		{C7282E18-BCDA-48F6-99FD-EC7142A0397A}.Staging|ARM.ActiveCfg = Release|Any CPU
		{C7282E18-BCDA-48F6-99FD-EC7142A0397A}.Staging|ARM.Build.0 = Release|Any CPU
		{C7282E18-BCDA-48F6-99FD-EC7142A0397A}.Staging|ARM64.ActiveCfg = Release|Any CPU
		{C7282E18-BCDA-48F6-99FD-EC7142A0397A}.Staging|ARM64.Build.0 = Release|Any CPU
		{C7282E18-BCDA-48F6-99FD-EC7142A0397A}.Staging|x64.ActiveCfg = Release|Any CPU
		{C7282E18-BCDA-48F6-99FD-EC7142A0397A}.Staging|x64.Build.0 = Release|Any CPU
		{C7282E18-BCDA-48F6-99FD-EC7142A0397A}.Staging|x86.ActiveCfg = Release|Any CPU
		{C7282E18-BCDA-48F6-99FD-EC7142A0397A}.Staging|x86.Build.0 = Release|Any CPU
		{469D7E06-37C7-47B4-B88E-5973BB896EE5}.Debug|Any CPU.ActiveCfg = Debug|Any CPU
		{469D7E06-37C7-47B4-B88E-5973BB896EE5}.Debug|Any CPU.Build.0 = Debug|Any CPU
		{469D7E06-37C7-47B4-B88E-5973BB896EE5}.Debug|ARM.ActiveCfg = Debug|Any CPU
		{469D7E06-37C7-47B4-B88E-5973BB896EE5}.Debug|ARM.Build.0 = Debug|Any CPU
		{469D7E06-37C7-47B4-B88E-5973BB896EE5}.Debug|ARM64.ActiveCfg = Debug|Any CPU
		{469D7E06-37C7-47B4-B88E-5973BB896EE5}.Debug|ARM64.Build.0 = Debug|Any CPU
		{469D7E06-37C7-47B4-B88E-5973BB896EE5}.Debug|x64.ActiveCfg = Debug|Any CPU
		{469D7E06-37C7-47B4-B88E-5973BB896EE5}.Debug|x64.Build.0 = Debug|Any CPU
		{469D7E06-37C7-47B4-B88E-5973BB896EE5}.Debug|x86.ActiveCfg = Debug|Any CPU
		{469D7E06-37C7-47B4-B88E-5973BB896EE5}.Debug|x86.Build.0 = Debug|Any CPU
		{469D7E06-37C7-47B4-B88E-5973BB896EE5}.Release|Any CPU.ActiveCfg = Release|Any CPU
		{469D7E06-37C7-47B4-B88E-5973BB896EE5}.Release|Any CPU.Build.0 = Release|Any CPU
		{469D7E06-37C7-47B4-B88E-5973BB896EE5}.Release|ARM.ActiveCfg = Release|Any CPU
		{469D7E06-37C7-47B4-B88E-5973BB896EE5}.Release|ARM.Build.0 = Release|Any CPU
		{469D7E06-37C7-47B4-B88E-5973BB896EE5}.Release|ARM64.ActiveCfg = Release|Any CPU
		{469D7E06-37C7-47B4-B88E-5973BB896EE5}.Release|ARM64.Build.0 = Release|Any CPU
		{469D7E06-37C7-47B4-B88E-5973BB896EE5}.Release|x64.ActiveCfg = Release|Any CPU
		{469D7E06-37C7-47B4-B88E-5973BB896EE5}.Release|x64.Build.0 = Release|Any CPU
		{469D7E06-37C7-47B4-B88E-5973BB896EE5}.Release|x86.ActiveCfg = Release|Any CPU
		{469D7E06-37C7-47B4-B88E-5973BB896EE5}.Release|x86.Build.0 = Release|Any CPU
		{469D7E06-37C7-47B4-B88E-5973BB896EE5}.Staging|Any CPU.ActiveCfg = Release|Any CPU
		{469D7E06-37C7-47B4-B88E-5973BB896EE5}.Staging|Any CPU.Build.0 = Release|Any CPU
		{469D7E06-37C7-47B4-B88E-5973BB896EE5}.Staging|ARM.ActiveCfg = Release|Any CPU
		{469D7E06-37C7-47B4-B88E-5973BB896EE5}.Staging|ARM.Build.0 = Release|Any CPU
		{469D7E06-37C7-47B4-B88E-5973BB896EE5}.Staging|ARM64.ActiveCfg = Release|Any CPU
		{469D7E06-37C7-47B4-B88E-5973BB896EE5}.Staging|ARM64.Build.0 = Release|Any CPU
		{469D7E06-37C7-47B4-B88E-5973BB896EE5}.Staging|x64.ActiveCfg = Release|Any CPU
		{469D7E06-37C7-47B4-B88E-5973BB896EE5}.Staging|x64.Build.0 = Release|Any CPU
		{469D7E06-37C7-47B4-B88E-5973BB896EE5}.Staging|x86.ActiveCfg = Release|Any CPU
		{469D7E06-37C7-47B4-B88E-5973BB896EE5}.Staging|x86.Build.0 = Release|Any CPU
		{836E1813-22F5-42CD-A557-C0923797114B}.Debug|Any CPU.ActiveCfg = Debug|Any CPU
		{836E1813-22F5-42CD-A557-C0923797114B}.Debug|Any CPU.Build.0 = Debug|Any CPU
		{836E1813-22F5-42CD-A557-C0923797114B}.Debug|ARM.ActiveCfg = Debug|Any CPU
		{836E1813-22F5-42CD-A557-C0923797114B}.Debug|ARM.Build.0 = Debug|Any CPU
		{836E1813-22F5-42CD-A557-C0923797114B}.Debug|ARM64.ActiveCfg = Debug|Any CPU
		{836E1813-22F5-42CD-A557-C0923797114B}.Debug|ARM64.Build.0 = Debug|Any CPU
		{836E1813-22F5-42CD-A557-C0923797114B}.Debug|x64.ActiveCfg = Debug|Any CPU
		{836E1813-22F5-42CD-A557-C0923797114B}.Debug|x64.Build.0 = Debug|Any CPU
		{836E1813-22F5-42CD-A557-C0923797114B}.Debug|x86.ActiveCfg = Debug|Any CPU
		{836E1813-22F5-42CD-A557-C0923797114B}.Debug|x86.Build.0 = Debug|Any CPU
		{836E1813-22F5-42CD-A557-C0923797114B}.Release|Any CPU.ActiveCfg = Release|Any CPU
		{836E1813-22F5-42CD-A557-C0923797114B}.Release|Any CPU.Build.0 = Release|Any CPU
		{836E1813-22F5-42CD-A557-C0923797114B}.Release|ARM.ActiveCfg = Release|Any CPU
		{836E1813-22F5-42CD-A557-C0923797114B}.Release|ARM.Build.0 = Release|Any CPU
		{836E1813-22F5-42CD-A557-C0923797114B}.Release|ARM64.ActiveCfg = Release|Any CPU
		{836E1813-22F5-42CD-A557-C0923797114B}.Release|ARM64.Build.0 = Release|Any CPU
		{836E1813-22F5-42CD-A557-C0923797114B}.Release|x64.ActiveCfg = Release|Any CPU
		{836E1813-22F5-42CD-A557-C0923797114B}.Release|x64.Build.0 = Release|Any CPU
		{836E1813-22F5-42CD-A557-C0923797114B}.Release|x86.ActiveCfg = Release|Any CPU
		{836E1813-22F5-42CD-A557-C0923797114B}.Release|x86.Build.0 = Release|Any CPU
		{836E1813-22F5-42CD-A557-C0923797114B}.Staging|Any CPU.ActiveCfg = Release|Any CPU
		{836E1813-22F5-42CD-A557-C0923797114B}.Staging|Any CPU.Build.0 = Release|Any CPU
		{836E1813-22F5-42CD-A557-C0923797114B}.Staging|ARM.ActiveCfg = Release|Any CPU
		{836E1813-22F5-42CD-A557-C0923797114B}.Staging|ARM.Build.0 = Release|Any CPU
		{836E1813-22F5-42CD-A557-C0923797114B}.Staging|ARM64.ActiveCfg = Release|Any CPU
		{836E1813-22F5-42CD-A557-C0923797114B}.Staging|ARM64.Build.0 = Release|Any CPU
		{836E1813-22F5-42CD-A557-C0923797114B}.Staging|x64.ActiveCfg = Release|Any CPU
		{836E1813-22F5-42CD-A557-C0923797114B}.Staging|x64.Build.0 = Release|Any CPU
		{836E1813-22F5-42CD-A557-C0923797114B}.Staging|x86.ActiveCfg = Release|Any CPU
		{836E1813-22F5-42CD-A557-C0923797114B}.Staging|x86.Build.0 = Release|Any CPU
		{6A7EF892-71D1-4076-AD10-7F67F276528B}.Debug|Any CPU.ActiveCfg = Debug|Any CPU
		{6A7EF892-71D1-4076-AD10-7F67F276528B}.Debug|Any CPU.Build.0 = Debug|Any CPU
		{6A7EF892-71D1-4076-AD10-7F67F276528B}.Debug|ARM.ActiveCfg = Debug|Any CPU
		{6A7EF892-71D1-4076-AD10-7F67F276528B}.Debug|ARM.Build.0 = Debug|Any CPU
		{6A7EF892-71D1-4076-AD10-7F67F276528B}.Debug|ARM64.ActiveCfg = Debug|Any CPU
		{6A7EF892-71D1-4076-AD10-7F67F276528B}.Debug|ARM64.Build.0 = Debug|Any CPU
		{6A7EF892-71D1-4076-AD10-7F67F276528B}.Debug|x64.ActiveCfg = Debug|Any CPU
		{6A7EF892-71D1-4076-AD10-7F67F276528B}.Debug|x64.Build.0 = Debug|Any CPU
		{6A7EF892-71D1-4076-AD10-7F67F276528B}.Debug|x86.ActiveCfg = Debug|Any CPU
		{6A7EF892-71D1-4076-AD10-7F67F276528B}.Debug|x86.Build.0 = Debug|Any CPU
		{6A7EF892-71D1-4076-AD10-7F67F276528B}.Release|Any CPU.ActiveCfg = Release|Any CPU
		{6A7EF892-71D1-4076-AD10-7F67F276528B}.Release|Any CPU.Build.0 = Release|Any CPU
		{6A7EF892-71D1-4076-AD10-7F67F276528B}.Release|ARM.ActiveCfg = Release|Any CPU
		{6A7EF892-71D1-4076-AD10-7F67F276528B}.Release|ARM.Build.0 = Release|Any CPU
		{6A7EF892-71D1-4076-AD10-7F67F276528B}.Release|ARM64.ActiveCfg = Release|Any CPU
		{6A7EF892-71D1-4076-AD10-7F67F276528B}.Release|ARM64.Build.0 = Release|Any CPU
		{6A7EF892-71D1-4076-AD10-7F67F276528B}.Release|x64.ActiveCfg = Release|Any CPU
		{6A7EF892-71D1-4076-AD10-7F67F276528B}.Release|x64.Build.0 = Release|Any CPU
		{6A7EF892-71D1-4076-AD10-7F67F276528B}.Release|x86.ActiveCfg = Release|Any CPU
		{6A7EF892-71D1-4076-AD10-7F67F276528B}.Release|x86.Build.0 = Release|Any CPU
		{6A7EF892-71D1-4076-AD10-7F67F276528B}.Staging|Any CPU.ActiveCfg = Release|Any CPU
		{6A7EF892-71D1-4076-AD10-7F67F276528B}.Staging|Any CPU.Build.0 = Release|Any CPU
		{6A7EF892-71D1-4076-AD10-7F67F276528B}.Staging|ARM.ActiveCfg = Release|Any CPU
		{6A7EF892-71D1-4076-AD10-7F67F276528B}.Staging|ARM.Build.0 = Release|Any CPU
		{6A7EF892-71D1-4076-AD10-7F67F276528B}.Staging|ARM64.ActiveCfg = Release|Any CPU
		{6A7EF892-71D1-4076-AD10-7F67F276528B}.Staging|ARM64.Build.0 = Release|Any CPU
		{6A7EF892-71D1-4076-AD10-7F67F276528B}.Staging|x64.ActiveCfg = Release|Any CPU
		{6A7EF892-71D1-4076-AD10-7F67F276528B}.Staging|x64.Build.0 = Release|Any CPU
		{6A7EF892-71D1-4076-AD10-7F67F276528B}.Staging|x86.ActiveCfg = Release|Any CPU
		{6A7EF892-71D1-4076-AD10-7F67F276528B}.Staging|x86.Build.0 = Release|Any CPU
		{EFDB69DA-5981-213C-6004-C89DF47078B2}.Debug|Any CPU.ActiveCfg = Debug|Any CPU
		{EFDB69DA-5981-213C-6004-C89DF47078B2}.Debug|Any CPU.Build.0 = Debug|Any CPU
		{EFDB69DA-5981-213C-6004-C89DF47078B2}.Debug|ARM.ActiveCfg = Debug|Any CPU
		{EFDB69DA-5981-213C-6004-C89DF47078B2}.Debug|ARM.Build.0 = Debug|Any CPU
		{EFDB69DA-5981-213C-6004-C89DF47078B2}.Debug|ARM64.ActiveCfg = Debug|Any CPU
		{EFDB69DA-5981-213C-6004-C89DF47078B2}.Debug|ARM64.Build.0 = Debug|Any CPU
		{EFDB69DA-5981-213C-6004-C89DF47078B2}.Debug|x64.ActiveCfg = Debug|Any CPU
		{EFDB69DA-5981-213C-6004-C89DF47078B2}.Debug|x64.Build.0 = Debug|Any CPU
		{EFDB69DA-5981-213C-6004-C89DF47078B2}.Debug|x86.ActiveCfg = Debug|Any CPU
		{EFDB69DA-5981-213C-6004-C89DF47078B2}.Debug|x86.Build.0 = Debug|Any CPU
		{EFDB69DA-5981-213C-6004-C89DF47078B2}.Release|Any CPU.ActiveCfg = Release|Any CPU
		{EFDB69DA-5981-213C-6004-C89DF47078B2}.Release|Any CPU.Build.0 = Release|Any CPU
		{EFDB69DA-5981-213C-6004-C89DF47078B2}.Release|ARM.ActiveCfg = Release|Any CPU
		{EFDB69DA-5981-213C-6004-C89DF47078B2}.Release|ARM.Build.0 = Release|Any CPU
		{EFDB69DA-5981-213C-6004-C89DF47078B2}.Release|ARM64.ActiveCfg = Release|Any CPU
		{EFDB69DA-5981-213C-6004-C89DF47078B2}.Release|ARM64.Build.0 = Release|Any CPU
		{EFDB69DA-5981-213C-6004-C89DF47078B2}.Release|x64.ActiveCfg = Release|Any CPU
		{EFDB69DA-5981-213C-6004-C89DF47078B2}.Release|x64.Build.0 = Release|Any CPU
		{EFDB69DA-5981-213C-6004-C89DF47078B2}.Release|x86.ActiveCfg = Release|Any CPU
		{EFDB69DA-5981-213C-6004-C89DF47078B2}.Release|x86.Build.0 = Release|Any CPU
		{EFDB69DA-5981-213C-6004-C89DF47078B2}.Staging|Any CPU.ActiveCfg = Release|Any CPU
		{EFDB69DA-5981-213C-6004-C89DF47078B2}.Staging|Any CPU.Build.0 = Release|Any CPU
		{EFDB69DA-5981-213C-6004-C89DF47078B2}.Staging|ARM.ActiveCfg = Release|Any CPU
		{EFDB69DA-5981-213C-6004-C89DF47078B2}.Staging|ARM.Build.0 = Release|Any CPU
		{EFDB69DA-5981-213C-6004-C89DF47078B2}.Staging|ARM64.ActiveCfg = Release|Any CPU
		{EFDB69DA-5981-213C-6004-C89DF47078B2}.Staging|ARM64.Build.0 = Release|Any CPU
		{EFDB69DA-5981-213C-6004-C89DF47078B2}.Staging|x64.ActiveCfg = Release|Any CPU
		{EFDB69DA-5981-213C-6004-C89DF47078B2}.Staging|x64.Build.0 = Release|Any CPU
		{EFDB69DA-5981-213C-6004-C89DF47078B2}.Staging|x86.ActiveCfg = Release|Any CPU
		{EFDB69DA-5981-213C-6004-C89DF47078B2}.Staging|x86.Build.0 = Release|Any CPU
		{03D36D08-9106-6724-B968-4E9A9439EBBE}.Debug|Any CPU.ActiveCfg = Debug|Any CPU
		{03D36D08-9106-6724-B968-4E9A9439EBBE}.Debug|Any CPU.Build.0 = Debug|Any CPU
		{03D36D08-9106-6724-B968-4E9A9439EBBE}.Debug|ARM.ActiveCfg = Debug|Any CPU
		{03D36D08-9106-6724-B968-4E9A9439EBBE}.Debug|ARM.Build.0 = Debug|Any CPU
		{03D36D08-9106-6724-B968-4E9A9439EBBE}.Debug|ARM64.ActiveCfg = Debug|Any CPU
		{03D36D08-9106-6724-B968-4E9A9439EBBE}.Debug|ARM64.Build.0 = Debug|Any CPU
		{03D36D08-9106-6724-B968-4E9A9439EBBE}.Debug|x64.ActiveCfg = Debug|Any CPU
		{03D36D08-9106-6724-B968-4E9A9439EBBE}.Debug|x64.Build.0 = Debug|Any CPU
		{03D36D08-9106-6724-B968-4E9A9439EBBE}.Debug|x86.ActiveCfg = Debug|Any CPU
		{03D36D08-9106-6724-B968-4E9A9439EBBE}.Debug|x86.Build.0 = Debug|Any CPU
		{03D36D08-9106-6724-B968-4E9A9439EBBE}.Release|Any CPU.ActiveCfg = Release|Any CPU
		{03D36D08-9106-6724-B968-4E9A9439EBBE}.Release|Any CPU.Build.0 = Release|Any CPU
		{03D36D08-9106-6724-B968-4E9A9439EBBE}.Release|ARM.ActiveCfg = Release|Any CPU
		{03D36D08-9106-6724-B968-4E9A9439EBBE}.Release|ARM.Build.0 = Release|Any CPU
		{03D36D08-9106-6724-B968-4E9A9439EBBE}.Release|ARM64.ActiveCfg = Release|Any CPU
		{03D36D08-9106-6724-B968-4E9A9439EBBE}.Release|ARM64.Build.0 = Release|Any CPU
		{03D36D08-9106-6724-B968-4E9A9439EBBE}.Release|x64.ActiveCfg = Release|Any CPU
		{03D36D08-9106-6724-B968-4E9A9439EBBE}.Release|x64.Build.0 = Release|Any CPU
		{03D36D08-9106-6724-B968-4E9A9439EBBE}.Release|x86.ActiveCfg = Release|Any CPU
		{03D36D08-9106-6724-B968-4E9A9439EBBE}.Release|x86.Build.0 = Release|Any CPU
		{03D36D08-9106-6724-B968-4E9A9439EBBE}.Staging|Any CPU.ActiveCfg = Release|Any CPU
		{03D36D08-9106-6724-B968-4E9A9439EBBE}.Staging|Any CPU.Build.0 = Release|Any CPU
		{03D36D08-9106-6724-B968-4E9A9439EBBE}.Staging|ARM.ActiveCfg = Release|Any CPU
		{03D36D08-9106-6724-B968-4E9A9439EBBE}.Staging|ARM.Build.0 = Release|Any CPU
		{03D36D08-9106-6724-B968-4E9A9439EBBE}.Staging|ARM64.ActiveCfg = Release|Any CPU
		{03D36D08-9106-6724-B968-4E9A9439EBBE}.Staging|ARM64.Build.0 = Release|Any CPU
		{03D36D08-9106-6724-B968-4E9A9439EBBE}.Staging|x64.ActiveCfg = Release|Any CPU
		{03D36D08-9106-6724-B968-4E9A9439EBBE}.Staging|x64.Build.0 = Release|Any CPU
		{03D36D08-9106-6724-B968-4E9A9439EBBE}.Staging|x86.ActiveCfg = Release|Any CPU
		{03D36D08-9106-6724-B968-4E9A9439EBBE}.Staging|x86.Build.0 = Release|Any CPU
	EndGlobalSection
	GlobalSection(SolutionProperties) = preSolution
		HideSolutionNode = FALSE
	EndGlobalSection
	GlobalSection(NestedProjects) = preSolution
		{1AB4086F-0197-46C1-9C79-FCCAA05B90D6} = {3D43B49A-27D9-47EC-A824-263B43AA9C76}
		{469D7E06-37C7-47B4-B88E-5973BB896EE5} = {61FA5300-FBB8-418B-8F10-B401001EC236}
		{03D36D08-9106-6724-B968-4E9A9439EBBE} = {61FA5300-FBB8-418B-8F10-B401001EC236}
	EndGlobalSection
	GlobalSection(ExtensibilityGlobals) = postSolution
		SolutionGuid = {B18C4ECD-199D-4657-963A-AF276DBC2C76}
	EndGlobalSection
EndGlobal
