
Microsoft Visual Studio Solution File, Format Version 12.00
# Visual Studio Version 17
VisualStudioVersion = 17.0.31903.59
MinimumVisualStudioVersion = 10.0.40219.1
Project("{FAE04EC0-301F-11D3-BF4B-00C04F79EFBC}") = "DataPlane.Sdk.Api", "DataPlane.Sdk.Api\DataPlane.Sdk.Api.csproj", "{0E3D4901-133A-46D3-B1CB-7400C65BED32}"
EndProject
Project("{FAE04EC0-301F-11D3-BF4B-00C04F79EFBC}") = "DataPlane.Sdk.Core", "DataPlane.Sdk.Core\DataPlane.Sdk.Core.csproj", "{8B194066-A67B-44D9-945F-88A4EC1EBEBF}"
EndProject
Project("{FAE04EC0-301F-11D3-BF4B-00C04F79EFBC}") = "DataPlane.Sdk.Core.Test", "DataPlane.Sdk.Core.Test\DataPlane.Sdk.Core.Test.csproj", "{C9F8CEE9-F96C-41B5-B58D-3D0B82B87258}"
EndProject
Project("{FAE04EC0-301F-11D3-BF4B-00C04F79EFBC}") = "DataPlane.Sdk.Example.Web", "DataPlane.Sdk.Example.Web\DataPlane.Sdk.Example.Web.csproj", "{A4F5ED36-5884-4319-83E7-C85626332099}"
EndProject
Project("{2150E333-8FDC-42A3-9474-1A3956D46DE8}") = "Solution Items", "Solution Items", "{A4B4E17A-8E91-45A0-BD5B-70EA9CA1B76D}"
	ProjectSection(SolutionItems) = preProject
		compose.yaml = compose.yaml
	EndProjectSection
EndProject
Project("{FAE04EC0-301F-11D3-BF4B-00C04F79EFBC}") = "DataPlane.Sdk.Api.Test", "DataPlane.Sdk.Api.Test\DataPlane.Sdk.Api.Test.csproj", "{C95272D3-3046-4C26-A422-C19EC45C7800}"
EndProject
Global
	GlobalSection(SolutionConfigurationPlatforms) = preSolution
		Debug|Any CPU = Debug|Any CPU
		Release|Any CPU = Release|Any CPU
	EndGlobalSection
	GlobalSection(SolutionProperties) = preSolution
		HideSolutionNode = FALSE
	EndGlobalSection
	GlobalSection(ProjectConfigurationPlatforms) = postSolution
		{0E3D4901-133A-46D3-B1CB-7400C65BED32}.Debug|Any CPU.ActiveCfg = Debug|Any CPU
		{0E3D4901-133A-46D3-B1CB-7400C65BED32}.Debug|Any CPU.Build.0 = Debug|Any CPU
		{0E3D4901-133A-46D3-B1CB-7400C65BED32}.Release|Any CPU.ActiveCfg = Release|Any CPU
		{0E3D4901-133A-46D3-B1CB-7400C65BED32}.Release|Any CPU.Build.0 = Release|Any CPU
		{8B194066-A67B-44D9-945F-88A4EC1EBEBF}.Debug|Any CPU.ActiveCfg = Debug|Any CPU
		{8B194066-A67B-44D9-945F-88A4EC1EBEBF}.Debug|Any CPU.Build.0 = Debug|Any CPU
		{8B194066-A67B-44D9-945F-88A4EC1EBEBF}.Release|Any CPU.ActiveCfg = Release|Any CPU
		{8B194066-A67B-44D9-945F-88A4EC1EBEBF}.Release|Any CPU.Build.0 = Release|Any CPU
		{C9F8CEE9-F96C-41B5-B58D-3D0B82B87258}.Debug|Any CPU.ActiveCfg = Debug|Any CPU
		{C9F8CEE9-F96C-41B5-B58D-3D0B82B87258}.Debug|Any CPU.Build.0 = Debug|Any CPU
		{C9F8CEE9-F96C-41B5-B58D-3D0B82B87258}.Release|Any CPU.ActiveCfg = Release|Any CPU
		{C9F8CEE9-F96C-41B5-B58D-3D0B82B87258}.Release|Any CPU.Build.0 = Release|Any CPU
		{A4F5ED36-5884-4319-83E7-C85626332099}.Debug|Any CPU.ActiveCfg = Debug|Any CPU
		{A4F5ED36-5884-4319-83E7-C85626332099}.Debug|Any CPU.Build.0 = Debug|Any CPU
		{A4F5ED36-5884-4319-83E7-C85626332099}.Release|Any CPU.ActiveCfg = Release|Any CPU
		{A4F5ED36-5884-4319-83E7-C85626332099}.Release|Any CPU.Build.0 = Release|Any CPU
		{C95272D3-3046-4C26-A422-C19EC45C7800}.Debug|Any CPU.ActiveCfg = Debug|Any CPU
		{C95272D3-3046-4C26-A422-C19EC45C7800}.Debug|Any CPU.Build.0 = Debug|Any CPU
		{C95272D3-3046-4C26-A422-C19EC45C7800}.Release|Any CPU.ActiveCfg = Release|Any CPU
		{C95272D3-3046-4C26-A422-C19EC45C7800}.Release|Any CPU.Build.0 = Release|Any CPU
	EndGlobalSection
EndGlobal
